
Microsoft Visual Studio Solution File, Format Version 12.00
# Visual Studio Version 17
VisualStudioVersion = 17.5.33502.453
MinimumVisualStudioVersion = 10.0.40219.1
Project("{9A19103F-16F7-4668-BE54-9A1E7A4F7556}") = "ToDoList.Server", "ToDoList.Server\ToDoList.Server.csproj", "{DE1F39F5-7A03-45EC-A30F-89DBA1306E5D}"
EndProject
Project("{9A19103F-16F7-4668-BE54-9A1E7A4F7556}") = "ToDoList.BLL", "ToDoList.Business\ToDoList.BLL.csproj", "{6AB45071-9229-4C7D-9E56-81EC45CA901C}"
EndProject
Project("{9A19103F-16F7-4668-BE54-9A1E7A4F7556}") = "ToDoListMsSQLDataProvider", "ToDoListMsSQLDataProvider\ToDoListMsSQLDataProvider.csproj", "{E8737A69-1440-44BE-88DF-40F40CE42B88}"
EndProject
Project("{9A19103F-16F7-4668-BE54-9A1E7A4F7556}") = "ToDoList.XMLDataProvider", "ToDoList.XMLDataProvider\ToDoList.XMLDataProvider.csproj", "{699954FA-8D1F-4621-B013-FE5BE9D871D9}"
EndProject
Project("{FAE04EC0-301F-11D3-BF4B-00C04F79EFBC}") = "ToDoList.DAL", "ToDoList.DAL\ToDoList.DAL.csproj", "{4A1CCF32-A0D0-4A11-BC45-4B8D91ECC5DA}"
EndProject
Project("{FAE04EC0-301F-11D3-BF4B-00C04F79EFBC}") = "RepositoryAbstractions", "RepositoryAbstractions\RepositoryAbstractions.csproj", "{8CD8DB73-7C57-4EA3-9C35-955202BDA4C7}"
EndProject
Global
	GlobalSection(SolutionConfigurationPlatforms) = preSolution
		Debug|Any CPU = Debug|Any CPU
		Release|Any CPU = Release|Any CPU
	EndGlobalSection
	GlobalSection(ProjectConfigurationPlatforms) = postSolution
		{DE1F39F5-7A03-45EC-A30F-89DBA1306E5D}.Debug|Any CPU.ActiveCfg = Debug|Any CPU
		{DE1F39F5-7A03-45EC-A30F-89DBA1306E5D}.Debug|Any CPU.Build.0 = Debug|Any CPU
		{DE1F39F5-7A03-45EC-A30F-89DBA1306E5D}.Release|Any CPU.ActiveCfg = Release|Any CPU
		{DE1F39F5-7A03-45EC-A30F-89DBA1306E5D}.Release|Any CPU.Build.0 = Release|Any CPU
		{6AB45071-9229-4C7D-9E56-81EC45CA901C}.Debug|Any CPU.ActiveCfg = Debug|Any CPU
		{6AB45071-9229-4C7D-9E56-81EC45CA901C}.Debug|Any CPU.Build.0 = Debug|Any CPU
		{6AB45071-9229-4C7D-9E56-81EC45CA901C}.Release|Any CPU.ActiveCfg = Release|Any CPU
		{6AB45071-9229-4C7D-9E56-81EC45CA901C}.Release|Any CPU.Build.0 = Release|Any CPU
		{E8737A69-1440-44BE-88DF-40F40CE42B88}.Debug|Any CPU.ActiveCfg = Debug|Any CPU
		{E8737A69-1440-44BE-88DF-40F40CE42B88}.Debug|Any CPU.Build.0 = Debug|Any CPU
		{E8737A69-1440-44BE-88DF-40F40CE42B88}.Release|Any CPU.ActiveCfg = Release|Any CPU
		{E8737A69-1440-44BE-88DF-40F40CE42B88}.Release|Any CPU.Build.0 = Release|Any CPU
		{699954FA-8D1F-4621-B013-FE5BE9D871D9}.Debug|Any CPU.ActiveCfg = Debug|Any CPU
		{699954FA-8D1F-4621-B013-FE5BE9D871D9}.Debug|Any CPU.Build.0 = Debug|Any CPU
		{699954FA-8D1F-4621-B013-FE5BE9D871D9}.Release|Any CPU.ActiveCfg = Release|Any CPU
		{699954FA-8D1F-4621-B013-FE5BE9D871D9}.Release|Any CPU.Build.0 = Release|Any CPU
		{4A1CCF32-A0D0-4A11-BC45-4B8D91ECC5DA}.Debug|Any CPU.ActiveCfg = Debug|Any CPU
		{4A1CCF32-A0D0-4A11-BC45-4B8D91ECC5DA}.Debug|Any CPU.Build.0 = Debug|Any CPU
		{4A1CCF32-A0D0-4A11-BC45-4B8D91ECC5DA}.Release|Any CPU.ActiveCfg = Release|Any CPU
		{4A1CCF32-A0D0-4A11-BC45-4B8D91ECC5DA}.Release|Any CPU.Build.0 = Release|Any CPU
		{8CD8DB73-7C57-4EA3-9C35-955202BDA4C7}.Debug|Any CPU.ActiveCfg = Debug|Any CPU
		{8CD8DB73-7C57-4EA3-9C35-955202BDA4C7}.Debug|Any CPU.Build.0 = Debug|Any CPU
		{8CD8DB73-7C57-4EA3-9C35-955202BDA4C7}.Release|Any CPU.ActiveCfg = Release|Any CPU
		{8CD8DB73-7C57-4EA3-9C35-955202BDA4C7}.Release|Any CPU.Build.0 = Release|Any CPU
	EndGlobalSection
	GlobalSection(SolutionProperties) = preSolution
		HideSolutionNode = FALSE
	EndGlobalSection
	GlobalSection(ExtensibilityGlobals) = postSolution
		SolutionGuid = {4B2E7982-7B3D-4DAE-A934-619512A9F0C3}
	EndGlobalSection
EndGlobal
